{
  "name": "sn-sketchpad",
  "version": "0.0.1",
  "lockfileVersion": 1,
  "requires": true,
  "dependencies": {
    "sn-components-api": {
      "version": "1.2.8",
      "resolved": "https://registry.npmjs.org/sn-components-api/-/sn-components-api-1.2.8.tgz",
      "integrity": "sha512-epBFsQIKLK78SnJ6e5JNjYbdOAYbKzRyydjpAqji0WdX3S/tOD5Z3UVdLVyi4orKaM4322dk6nRJiTHMI1VyIw=="
    }
  }
}
